
Microsoft Visual Studio Solution File, Format Version 12.00
# Visual Studio Version 16
VisualStudioVersion = 16.0.29709.97
MinimumVisualStudioVersion = 10.0.40219.1
Project("{8BC9CEB8-8B4A-11D0-8D11-00A0C91BC942}") = "Overlapped_Server_1", "Overlapped_Server_1\Overlapped_Server_1.vcxproj", "{CFF35508-1DC4-4D49-AB7E-5E0DBF0BD842}"
EndProject
Global
	GlobalSection(SolutionConfigurationPlatforms) = preSolution
		Debug|x64 = Debug|x64
		Debug|x86 = Debug|x86
		Release|x64 = Release|x64
		Release|x86 = Release|x86
	EndGlobalSection
	GlobalSection(ProjectConfigurationPlatforms) = postSolution
		{CFF35508-1DC4-4D49-AB7E-5E0DBF0BD842}.Debug|x64.ActiveCfg = Debug|x64
		{CFF35508-1DC4-4D49-AB7E-5E0DBF0BD842}.Debug|x64.Build.0 = Debug|x64
		{CFF35508-1DC4-4D49-AB7E-5E0DBF0BD842}.Debug|x86.ActiveCfg = Debug|Win32
		{CFF35508-1DC4-4D49-AB7E-5E0DBF0BD842}.Debug|x86.Build.0 = Debug|Win32
		{CFF35508-1DC4-4D49-AB7E-5E0DBF0BD842}.Release|x64.ActiveCfg = Release|x64
		{CFF35508-1DC4-4D49-AB7E-5E0DBF0BD842}.Release|x64.Build.0 = Release|x64
		{CFF35508-1DC4-4D49-AB7E-5E0DBF0BD842}.Release|x86.ActiveCfg = Release|Win32
		{CFF35508-1DC4-4D49-AB7E-5E0DBF0BD842}.Release|x86.Build.0 = Release|Win32
	EndGlobalSection
	GlobalSection(SolutionProperties) = preSolution
		HideSolutionNode = FALSE
	EndGlobalSection
	GlobalSection(ExtensibilityGlobals) = postSolution
		SolutionGuid = {B768052F-F376-4CB0-BB05-1970D99AE272}
	EndGlobalSection
EndGlobal
